
Microsoft Visual Studio Solution File, Format Version 12.00
# Visual Studio 15
Project("{FAE04EC0-301F-11D3-BF4B-00C04F79EFBC}") = "MerryYellow.CodeAssist.Editor", "MerryYellow.CodeAssist.Editor.csproj", "{04FAFF94-E75B-CE49-85EC-66339A44A6C7}"
EndProject
Project("{FAE04EC0-301F-11D3-BF4B-00C04F79EFBC}") = "Assembly-CSharp", "Assembly-CSharp.csproj", "{3892D2B7-9C30-C68E-4B54-1DE57840B679}"
EndProject
Project("{FAE04EC0-301F-11D3-BF4B-00C04F79EFBC}") = "Unity.VSCode.Editor", "Unity.VSCode.Editor.csproj", "{B7790B53-E32F-CC2A-DC02-DD94A846DC40}"
EndProject
Project("{FAE04EC0-301F-11D3-BF4B-00C04F79EFBC}") = "Assembly-CSharp-Editor", "Assembly-CSharp-Editor.csproj", "{B02EBD63-54A8-18EB-44C4-AF489CEF62F2}"
EndProject
Project("{FAE04EC0-301F-11D3-BF4B-00C04F79EFBC}") = "Bezi.Editor", "Bezi.Editor.csproj", "{E87438FD-EEAB-8D22-3884-25B058DB4C69}"
EndProject
Global
	GlobalSection(SolutionConfigurationPlatforms) = preSolution
		Debug|Any CPU = Debug|Any CPU
		Release|Any CPU = Release|Any CPU
	EndGlobalSection
	GlobalSection(ProjectConfigurationPlatforms) = postSolution
		{04FAFF94-E75B-CE49-85EC-66339A44A6C7}.Debug|Any CPU.ActiveCfg = Debug|Any CPU
		{04FAFF94-E75B-CE49-85EC-66339A44A6C7}.Debug|Any CPU.Build.0 = Debug|Any CPU
		{04FAFF94-E75B-CE49-85EC-66339A44A6C7}.Release|Any CPU.ActiveCfg = Release|Any CPU
		{04FAFF94-E75B-CE49-85EC-66339A44A6C7}.Release|Any CPU.Build.0 = Release|Any CPU
		{3892D2B7-9C30-C68E-4B54-1DE57840B679}.Debug|Any CPU.ActiveCfg = Debug|Any CPU
		{3892D2B7-9C30-C68E-4B54-1DE57840B679}.Debug|Any CPU.Build.0 = Debug|Any CPU
		{3892D2B7-9C30-C68E-4B54-1DE57840B679}.Release|Any CPU.ActiveCfg = Release|Any CPU
		{3892D2B7-9C30-C68E-4B54-1DE57840B679}.Release|Any CPU.Build.0 = Release|Any CPU
		{B7790B53-E32F-CC2A-DC02-DD94A846DC40}.Debug|Any CPU.ActiveCfg = Debug|Any CPU
		{B7790B53-E32F-CC2A-DC02-DD94A846DC40}.Debug|Any CPU.Build.0 = Debug|Any CPU
		{B7790B53-E32F-CC2A-DC02-DD94A846DC40}.Release|Any CPU.ActiveCfg = Release|Any CPU
		{B7790B53-E32F-CC2A-DC02-DD94A846DC40}.Release|Any CPU.Build.0 = Release|Any CPU
		{B02EBD63-54A8-18EB-44C4-AF489CEF62F2}.Debug|Any CPU.ActiveCfg = Debug|Any CPU
		{B02EBD63-54A8-18EB-44C4-AF489CEF62F2}.Debug|Any CPU.Build.0 = Debug|Any CPU
		{B02EBD63-54A8-18EB-44C4-AF489CEF62F2}.Release|Any CPU.ActiveCfg = Release|Any CPU
		{B02EBD63-54A8-18EB-44C4-AF489CEF62F2}.Release|Any CPU.Build.0 = Release|Any CPU
		{E87438FD-EEAB-8D22-3884-25B058DB4C69}.Debug|Any CPU.ActiveCfg = Debug|Any CPU
		{E87438FD-EEAB-8D22-3884-25B058DB4C69}.Debug|Any CPU.Build.0 = Debug|Any CPU
		{E87438FD-EEAB-8D22-3884-25B058DB4C69}.Release|Any CPU.ActiveCfg = Release|Any CPU
		{E87438FD-EEAB-8D22-3884-25B058DB4C69}.Release|Any CPU.Build.0 = Release|Any CPU
	EndGlobalSection
	GlobalSection(SolutionProperties) = preSolution
		HideSolutionNode = FALSE
	EndGlobalSection
EndGlobal
